
Microsoft Visual Studio Solution File, Format Version 12.00
# Visual Studio Version 16
VisualStudioVersion = 16.0.30611.23
MinimumVisualStudioVersion = 10.0.40219.1
Project("{9092AA53-FB77-4645-B42D-1CCCA6BD08BD}") = "InstPect", "InstPect\InstPect.njsproj", "{9E39CB43-0F61-4661-BB7A-BA2C86D9399D}"
EndProject
Global
	GlobalSection(SolutionConfigurationPlatforms) = preSolution
		Debug|Any CPU = Debug|Any CPU
		Release|Any CPU = Release|Any CPU
	EndGlobalSection
	GlobalSection(ProjectConfigurationPlatforms) = postSolution
		{9E39CB43-0F61-4661-BB7A-BA2C86D9399D}.Debug|Any CPU.ActiveCfg = Debug|Any CPU
		{9E39CB43-0F61-4661-BB7A-BA2C86D9399D}.Debug|Any CPU.Build.0 = Debug|Any CPU
		{9E39CB43-0F61-4661-BB7A-BA2C86D9399D}.Release|Any CPU.ActiveCfg = Release|Any CPU
		{9E39CB43-0F61-4661-BB7A-BA2C86D9399D}.Release|Any CPU.Build.0 = Release|Any CPU
	EndGlobalSection
	GlobalSection(SolutionProperties) = preSolution
		HideSolutionNode = FALSE
	EndGlobalSection
	GlobalSection(ExtensibilityGlobals) = postSolution
		SolutionGuid = {2CF3D8F0-36F2-4F23-907E-841ED50D7A14}
	EndGlobalSection
EndGlobal
